
Microsoft Visual Studio Solution File, Format Version 12.00
# Visual Studio Version 17
VisualStudioVersion = 17.2.32630.192
MinimumVisualStudioVersion = 10.0.40219.1
Project("{FAE04EC0-301F-11D3-BF4B-00C04F79EFBC}") = "MustafaEsti", "MustafaEsti\MustafaEsti.csproj", "{50E976B8-5E31-446F-8BE4-37CC21B9B22C}"
EndProject
Global
	GlobalSection(SolutionConfigurationPlatforms) = preSolution
		Debug|Any CPU = Debug|Any CPU
		Release|Any CPU = Release|Any CPU
	EndGlobalSection
	GlobalSection(ProjectConfigurationPlatforms) = postSolution
		{50E976B8-5E31-446F-8BE4-37CC21B9B22C}.Debug|Any CPU.ActiveCfg = Debug|Any CPU
		{50E976B8-5E31-446F-8BE4-37CC21B9B22C}.Debug|Any CPU.Build.0 = Debug|Any CPU
		{50E976B8-5E31-446F-8BE4-37CC21B9B22C}.Release|Any CPU.ActiveCfg = Release|Any CPU
		{50E976B8-5E31-446F-8BE4-37CC21B9B22C}.Release|Any CPU.Build.0 = Release|Any CPU
	EndGlobalSection
	GlobalSection(SolutionProperties) = preSolution
		HideSolutionNode = FALSE
	EndGlobalSection
	GlobalSection(ExtensibilityGlobals) = postSolution
		SolutionGuid = {A9427FD9-229C-4A7A-B528-7387A2816443}
	EndGlobalSection
EndGlobal
